
Microsoft Visual Studio Solution File, Format Version 12.00
# Visual Studio Version 16
VisualStudioVersion = 16.0.31129.286
MinimumVisualStudioVersion = 10.0.40219.1
Project("{FAE04EC0-301F-11D3-BF4B-00C04F79EFBC}") = "Worker1Exeptions", "Worker1Exeptions.csproj", "{2362EDAE-6E98-4FCD-9981-9B8D033D621E}"
EndProject
Global
	GlobalSection(SolutionConfigurationPlatforms) = preSolution
		Debug|Any CPU = Debug|Any CPU
		Release|Any CPU = Release|Any CPU
	EndGlobalSection
	GlobalSection(ProjectConfigurationPlatforms) = postSolution
		{2362EDAE-6E98-4FCD-9981-9B8D033D621E}.Debug|Any CPU.ActiveCfg = Debug|Any CPU
		{2362EDAE-6E98-4FCD-9981-9B8D033D621E}.Debug|Any CPU.Build.0 = Debug|Any CPU
		{2362EDAE-6E98-4FCD-9981-9B8D033D621E}.Release|Any CPU.ActiveCfg = Release|Any CPU
		{2362EDAE-6E98-4FCD-9981-9B8D033D621E}.Release|Any CPU.Build.0 = Release|Any CPU
	EndGlobalSection
	GlobalSection(SolutionProperties) = preSolution
		HideSolutionNode = FALSE
	EndGlobalSection
	GlobalSection(ExtensibilityGlobals) = postSolution
		SolutionGuid = {485753FC-E5DB-4FE4-909B-FE24B1AB740D}
	EndGlobalSection
EndGlobal
